// !$*UTF8*$!
{
	archiveVersion = 1;
	classes = {
	};
	objectVersion = 46;
	objects = {

/* Begin PBXBuildFile section */
		444DB29C1C8FD8B1002676DD /* main.m in Sources */ = {isa = PBXBuildFile; fileRef = 444DB29B1C8FD8B1002676DD /* main.m */; };
		444DB29F1C8FD8B1002676DD /* AppDelegate.m in Sources */ = {isa = PBXBuildFile; fileRef = 444DB29E1C8FD8B1002676DD /* AppDelegate.m */; };
		444DB2A21C8FD8B1002676DD /* ViewController.m in Sources */ = {isa = PBXBuildFile; fileRef = 444DB2A11C8FD8B1002676DD /* ViewController.m */; };
		444DB2A51C8FD8B1002676DD /* Main.storyboard in Resources */ = {isa = PBXBuildFile; fileRef = 444DB2A31C8FD8B1002676DD /* Main.storyboard */; };
		444DB2A71C8FD8B1002676DD /* Assets.xcassets in Resources */ = {isa = PBXBuildFile; fileRef = 444DB2A61C8FD8B1002676DD /* Assets.xcassets */; };
		444DB2AA1C8FD8B1002676DD /* LaunchScreen.storyboard in Resources */ = {isa = PBXBuildFile; fileRef = 444DB2A81C8FD8B1002676DD /* LaunchScreen.storyboard */; };
		444DB2B51C8FE0EF002676DD /* FGApplePayHelper.m in Sources */ = {isa = PBXBuildFile; fileRef = 444DB2B41C8FE0EF002676DD /* FGApplePayHelper.m */; };
		444DB2B81C9004A4002676DD /* FGApplePayConstant.m in Sources */ = {isa = PBXBuildFile; fileRef = 444DB2B71C9004A4002676DD /* FGApplePayConstant.m */; };
		444DB2BE1C90094E002676DD /* FGPKPaymentRequestFactory.m in Sources */ = {isa = PBXBuildFile; fileRef = 444DB2BD1C90094E002676DD /* FGPKPaymentRequestFactory.m */; };
/* End PBXBuildFile section */

/* Begin PBXFileReference section */
		444DB2971C8FD8B1002676DD /* AppPayDemo.app */ = {isa = PBXFileReference; explicitFileType = wrapper.application; includeInIndex = 0; path = AppPayDemo.app; sourceTree = BUILT_PRODUCTS_DIR; };
		444DB29B1C8FD8B1002676DD /* main.m */ = {isa = PBXFileReference; lastKnownFileType = sourcecode.c.objc; path = main.m; sourceTree = "<group>"; };
		444DB29D1C8FD8B1002676DD /* AppDelegate.h */ = {isa = PBXFileReference; lastKnownFileType = sourcecode.c.h; path = AppDelegate.h; sourceTree = "<group>"; };
		444DB29E1C8FD8B1002676DD /* AppDelegate.m */ = {isa = PBXFileReference; lastKnownFileType = sourcecode.c.objc; path = AppDelegate.m; sourceTree = "<group>"; };
		444DB2A01C8FD8B1002676DD /* ViewController.h */ = {isa = PBXFileReference; lastKnownFileType = sourcecode.c.h; path = ViewController.h; sourceTree = "<group>"; };
		444DB2A11C8FD8B1002676DD /* ViewController.m */ = {isa = PBXFileReference; lastKnownFileType = sourcecode.c.objc; path = ViewController.m; sourceTree = "<group>"; };
		444DB2A41C8FD8B1002676DD /* Base */ = {isa = PBXFileReference; lastKnownFileType = file.storyboard; name = Base; path = Base.lproj/Main.storyboard; sourceTree = "<group>"; };
		444DB2A61C8FD8B1002676DD /* Assets.xcassets */ = {isa = PBXFileReference; lastKnownFileType = folder.assetcatalog; path = Assets.xcassets; sourceTree = "<group>"; };
		444DB2A91C8FD8B1002676DD /* Base */ = {isa = PBXFileReference; lastKnownFileType = file.storyboard; name = Base; path = Base.lproj/LaunchScreen.storyboard; sourceTree = "<group>"; };
		444DB2AB1C8FD8B1002676DD /* Info.plist */ = {isa = PBXFileReference; lastKnownFileType = text.plist.xml; path = Info.plist; sourceTree = "<group>"; };
		444DB2B11C8FDFC4002676DD /* AppPayDemo.entitlements */ = {isa = PBXFileReference; lastKnownFileType = text.xml; name = AppPayDemo.entitlements; path = ../AppPayDemo.entitlements; sourceTree = "<group>"; };
		444DB2B31C8FE0EF002676DD /* FGApplePayHelper.h */ = {isa = PBXFileReference; fileEncoding = 4; lastKnownFileType = sourcecode.c.h; path = FGApplePayHelper.h; sourceTree = "<group>"; };
		444DB2B41C8FE0EF002676DD /* FGApplePayHelper.m */ = {isa = PBXFileReference; fileEncoding = 4; lastKnownFileType = sourcecode.c.objc; path = FGApplePayHelper.m; sourceTree = "<group>"; };
		444DB2B61C9004A4002676DD /* FGApplePayConstant.h */ = {isa = PBXFileReference; fileEncoding = 4; lastKnownFileType = sourcecode.c.h; path = FGApplePayConstant.h; sourceTree = "<group>"; };
		444DB2B71C9004A4002676DD /* FGApplePayConstant.m */ = {isa = PBXFileReference; fileEncoding = 4; lastKnownFileType = sourcecode.c.objc; path = FGApplePayConstant.m; sourceTree = "<group>"; };
		444DB2BC1C90094E002676DD /* FGPKPaymentRequestFactory.h */ = {isa = PBXFileReference; fileEncoding = 4; lastKnownFileType = sourcecode.c.h; path = FGPKPaymentRequestFactory.h; sourceTree = "<group>"; };
		444DB2BD1C90094E002676DD /* FGPKPaymentRequestFactory.m */ = {isa = PBXFileReference; fileEncoding = 4; lastKnownFileType = sourcecode.c.objc; path = FGPKPaymentRequestFactory.m; sourceTree = "<group>"; };
		444DB2BF1C902446002676DD /* FGApplePayHeaders.h */ = {isa = PBXFileReference; fileEncoding = 4; lastKnownFileType = sourcecode.c.h; path = FGApplePayHeaders.h; sourceTree = "<group>"; };
/* End PBXFileReference section */

/* Begin PBXFrameworksBuildPhase section */
		444DB2941C8FD8B1002676DD /* Frameworks */ = {
			isa = PBXFrameworksBuildPhase;
			buildActionMask = 2147483647;
			files = (
			);
			runOnlyForDeploymentPostprocessing = 0;
		};
/* End PBXFrameworksBuildPhase section */

/* Begin PBXGroup section */
		444DB28E1C8FD8B1002676DD = {
			isa = PBXGroup;
			children = (
				444DB2991C8FD8B1002676DD /* AppPayDemo */,
				444DB2981C8FD8B1002676DD /* Products */,
			);
			sourceTree = "<group>";
		};
		444DB2981C8FD8B1002676DD /* Products */ = {
			isa = PBXGroup;
			children = (
				444DB2971C8FD8B1002676DD /* AppPayDemo.app */,
			);
			name = Products;
			sourceTree = "<group>";
		};
		444DB2991C8FD8B1002676DD /* AppPayDemo */ = {
			isa = PBXGroup;
			children = (
				444DB2B21C8FE094002676DD /* ApplePay */,
				444DB29D1C8FD8B1002676DD /* AppDelegate.h */,
				444DB29E1C8FD8B1002676DD /* AppDelegate.m */,
				444DB2A01C8FD8B1002676DD /* ViewController.h */,
				444DB2A11C8FD8B1002676DD /* ViewController.m */,
				444DB2A31C8FD8B1002676DD /* Main.storyboard */,
				444DB2A61C8FD8B1002676DD /* Assets.xcassets */,
				444DB2A81C8FD8B1002676DD /* LaunchScreen.storyboard */,
				444DB2AB1C8FD8B1002676DD /* Info.plist */,
				444DB29A1C8FD8B1002676DD /* Supporting Files */,
			);
			path = AppPayDemo;
			sourceTree = "<group>";
		};
		444DB29A1C8FD8B1002676DD /* Supporting Files */ = {
			isa = PBXGroup;
			children = (
				444DB29B1C8FD8B1002676DD /* main.m */,
			);
			name = "Supporting Files";
			sourceTree = "<group>";
		};
		444DB2B21C8FE094002676DD /* ApplePay */ = {
			isa = PBXGroup;
			children = (
				444DB2B11C8FDFC4002676DD /* AppPayDemo.entitlements */,
				444DB2BF1C902446002676DD /* FGApplePayHeaders.h */,
				444DB2B61C9004A4002676DD /* FGApplePayConstant.h */,
				444DB2B71C9004A4002676DD /* FGApplePayConstant.m */,
				444DB2B31C8FE0EF002676DD /* FGApplePayHelper.h */,
				444DB2B41C8FE0EF002676DD /* FGApplePayHelper.m */,
				444DB2BC1C90094E002676DD /* FGPKPaymentRequestFactory.h */,
				444DB2BD1C90094E002676DD /* FGPKPaymentRequestFactory.m */,
			);
			path = ApplePay;
			sourceTree = "<group>";
		};
/* End PBXGroup section */

/* Begin PBXNativeTarget section */
		444DB2961C8FD8B1002676DD /* AppPayDemo */ = {
			isa = PBXNativeTarget;
			buildConfigurationList = 444DB2AE1C8FD8B1002676DD /* Build configuration list for PBXNativeTarget "AppPayDemo" */;
			buildPhases = (
				444DB2931C8FD8B1002676DD /* Sources */,
				444DB2941C8FD8B1002676DD /* Frameworks */,
				444DB2951C8FD8B1002676DD /* Resources */,
			);
			buildRules = (
			);
			dependencies = (
			);
			name = AppPayDemo;
			productName = AppPayDemo;
			productReference = 444DB2971C8FD8B1002676DD /* AppPayDemo.app */;
			productType = "com.apple.product-type.application";
		};
/* End PBXNativeTarget section */

/* Begin PBXProject section */
		444DB28F1C8FD8B1002676DD /* Project object */ = {
			isa = PBXProject;
			attributes = {
				LastUpgradeCheck = 0720;
				ORGANIZATIONNAME = weichao;
				TargetAttributes = {
					444DB2961C8FD8B1002676DD = {
						CreatedOnToolsVersion = 7.2;
						DevelopmentTeam = 4AW78593E8;
						SystemCapabilities = {
							com.apple.OMC = {
								enabled = 1;
							};
						};
					};
				};
			};
			buildConfigurationList = 444DB2921C8FD8B1002676DD /* Build configuration list for PBXProject "AppPayDemo" */;
			compatibilityVersion = "Xcode 3.2";
			developmentRegion = English;
			hasScannedForEncodings = 0;
			knownRegions = (
				en,
				Base,
			);
			mainGroup = 444DB28E1C8FD8B1002676DD;
			productRefGroup = 444DB2981C8FD8B1002676DD /* Products */;
			projectDirPath = "";
			projectRoot = "";
			targets = (
				444DB2961C8FD8B1002676DD /* AppPayDemo */,
			);
		};
/* End PBXProject section */

/* Begin PBXResourcesBuildPhase section */
		444DB2951C8FD8B1002676DD /* Resources */ = {
			isa = PBXResourcesBuildPhase;
			buildActionMask = 2147483647;
			files = (
				444DB2AA1C8FD8B1002676DD /* LaunchScreen.storyboard in Resources */,
				444DB2A71C8FD8B1002676DD /* Assets.xcassets in Resources */,
				444DB2A51C8FD8B1002676DD /* Main.storyboard in Resources */,
			);
			runOnlyForDeploymentPostprocessing = 0;
		};
/* End PBXResourcesBuildPhase section */

/* Begin PBXSourcesBuildPhase section */
		444DB2931C8FD8B1002676DD /* Sources */ = {
			isa = PBXSourcesBuildPhase;
			buildActionMask = 2147483647;
			files = (
				444DB2A21C8FD8B1002676DD /* ViewController.m in Sources */,
				444DB29F1C8FD8B1002676DD /* AppDelegate.m in Sources */,
				444DB2BE1C90094E002676DD /* FGPKPaymentRequestFactory.m in Sources */,
				444DB2B51C8FE0EF002676DD /* FGApplePayHelper.m in Sources */,
				444DB2B81C9004A4002676DD /* FGApplePayConstant.m in Sources */,
				444DB29C1C8FD8B1002676DD /* main.m in Sources */,
			);
			runOnlyForDeploymentPostprocessing = 0;
		};
/* End PBXSourcesBuildPhase section */

/* Begin PBXVariantGroup section */
		444DB2A31C8FD8B1002676DD /* Main.storyboard */ = {
			isa = PBXVariantGroup;
			children = (
				444DB2A41C8FD8B1002676DD /* Base */,
			);
			name = Main.storyboard;
			sourceTree = "<group>";
		};
		444DB2A81C8FD8B1002676DD /* LaunchScreen.storyboard */ = {
			isa = PBXVariantGroup;
			children = (
				444DB2A91C8FD8B1002676DD /* Base */,
			);
			name = LaunchScreen.storyboard;
			sourceTree = "<group>";
		};
/* End PBXVariantGroup section */

/* Begin XCBuildConfiguration section */
		444DB2AC1C8FD8B1002676DD /* Debug */ = {
			isa = XCBuildConfiguration;
			buildSettings = {
				ALWAYS_SEARCH_USER_PATHS = NO;
				CLANG_CXX_LANGUAGE_STANDARD = "gnu++0x";
				CLANG_CXX_LIBRARY = "libc++";
				CLANG_ENABLE_MODULES = YES;
				CLANG_ENABLE_OBJC_ARC = YES;
				CLANG_WARN_BOOL_CONVERSION = YES;
				CLANG_WARN_CONSTANT_CONVERSION = YES;
				CLANG_WARN_DIRECT_OBJC_ISA_USAGE = YES_ERROR;
				CLANG_WARN_EMPTY_BODY = YES;
				CLANG_WARN_ENUM_CONVERSION = YES;
				CLANG_WARN_INT_CONVERSION = YES;
				CLANG_WARN_OBJC_ROOT_CLASS = YES_ERROR;
				CLANG_WARN_UNREACHABLE_CODE = YES;
				CLANG_WARN__DUPLICATE_METHOD_MATCH = YES;
				"CODE_SIGN_IDENTITY[sdk=iphoneos*]" = "iPhone Developer";
				COPY_PHASE_STRIP = NO;
				DEBUG_INFORMATION_FORMAT = dwarf;
				ENABLE_STRICT_OBJC_MSGSEND = YES;
				ENABLE_TESTABILITY = YES;
				GCC_C_LANGUAGE_STANDARD = gnu99;
				GCC_DYNAMIC_NO_PIC = NO;
				GCC_NO_COMMON_BLOCKS = YES;
				GCC_OPTIMIZATION_LEVEL = 0;
				GCC_PREPROCESSOR_DEFINITIONS = (
					"DEBUG=1",
					"$(inherited)",
				);
				GCC_WARN_64_TO_32_BIT_CONVERSION = YES;
				GCC_WARN_ABOUT_RETURN_TYPE = YES_ERROR;
				GCC_WARN_UNDECLARED_SELECTOR = YES;
				GCC_WARN_UNINITIALIZED_AUTOS = YES_AGGRESSIVE;
				GCC_WARN_UNUSED_FUNCTION = YES;
				GCC_WARN_UNUSED_VARIABLE = YES;
				IPHONEOS_DEPLOYMENT_TARGET = 9.2;
				MTL_ENABLE_DEBUG_INFO = YES;
				ONLY_ACTIVE_ARCH = YES;
				SDKROOT = iphoneos;
				TARGETED_DEVICE_FAMILY = "1,2";
			};
			name = Debug;
		};
		444DB2AD1C8FD8B1002676DD /* Release */ = {
			isa = XCBuildConfiguration;
			buildSettings = {
				ALWAYS_SEARCH_USER_PATHS = NO;
				CLANG_CXX_LANGUAGE_STANDARD = "gnu++0x";
				CLANG_CXX_LIBRARY = "libc++";
				CLANG_ENABLE_MODULES = YES;
				CLANG_ENABLE_OBJC_ARC = YES;
				CLANG_WARN_BOOL_CONVERSION = YES;
				CLANG_WARN_CONSTANT_CONVERSION = YES;
				CLANG_WARN_DIRECT_OBJC_ISA_USAGE = YES_ERROR;
				CLANG_WARN_EMPTY_BODY = YES;
				CLANG_WARN_ENUM_CONVERSION = YES;
				CLANG_WARN_INT_CONVERSION = YES;
				CLANG_WARN_OBJC_ROOT_CLASS = YES_ERROR;
				CLANG_WARN_UNREACHABLE_CODE = YES;
				CLANG_WARN__DUPLICATE_METHOD_MATCH = YES;
				"CODE_SIGN_IDENTITY[sdk=iphoneos*]" = "iPhone Developer";
				COPY_PHASE_STRIP = NO;
				DEBUG_INFORMATION_FORMAT = "dwarf-with-dsym";
				ENABLE_NS_ASSERTIONS = NO;
				ENABLE_STRICT_OBJC_MSGSEND = YES;
				GCC_C_LANGUAGE_STANDARD = gnu99;
				GCC_NO_COMMON_BLOCKS = YES;
				GCC_WARN_64_TO_32_BIT_CONVERSION = YES;
				GCC_WARN_ABOUT_RETURN_TYPE = YES_ERROR;
				GCC_WARN_UNDECLARED_SELECTOR = YES;
				GCC_WARN_UNINITIALIZED_AUTOS = YES_AGGRESSIVE;
				GCC_WARN_UNUSED_FUNCTION = YES;
				GCC_WARN_UNUSED_VARIABLE = YES;
				IPHONEOS_DEPLOYMENT_TARGET = 9.2;
				MTL_ENABLE_DEBUG_INFO = NO;
				SDKROOT = iphoneos;
				TARGETED_DEVICE_FAMILY = "1,2";
				VALIDATE_PRODUCT = YES;
			};
			name = Release;
		};
		444DB2AF1C8FD8B1002676DD /* Debug */ = {
			isa = XCBuildConfiguration;
			buildSettings = {
				ASSETCATALOG_COMPILER_APPICON_NAME = AppIcon;
				CODE_SIGN_ENTITLEMENTS = AppPayDemo/AppPayDemo.entitlements;
				CODE_SIGN_IDENTITY = "iPhone Developer";
				"CODE_SIGN_IDENTITY[sdk=iphoneos*]" = "iPhone Developer";
				INFOPLIST_FILE = AppPayDemo/Info.plist;
				LD_RUNPATH_SEARCH_PATHS = "$(inherited) @executable_path/Frameworks";
				PRODUCT_BUNDLE_IDENTIFIER = com.sohu.weichao.test;
				PRODUCT_NAME = "$(TARGET_NAME)";
				PROVISIONING_PROFILE = "";
			};
			name = Debug;
		};
		444DB2B01C8FD8B1002676DD /* Release */ = {
			isa = XCBuildConfiguration;
			buildSettings = {
				ASSETCATALOG_COMPILER_APPICON_NAME = AppIcon;
				CODE_SIGN_ENTITLEMENTS = AppPayDemo/AppPayDemo.entitlements;
				CODE_SIGN_IDENTITY = "iPhone Developer";
				"CODE_SIGN_IDENTITY[sdk=iphoneos*]" = "iPhone Developer";
				INFOPLIST_FILE = AppPayDemo/Info.plist;
				LD_RUNPATH_SEARCH_PATHS = "$(inherited) @executable_path/Frameworks";
				PRODUCT_BUNDLE_IDENTIFIER = com.sohu.weichao.test;
				PRODUCT_NAME = "$(TARGET_NAME)";
				PROVISIONING_PROFILE = "";
			};
			name = Release;
		};
/* End XCBuildConfiguration section */

/* Begin XCConfigurationList section */
		444DB2921C8FD8B1002676DD /* Build configuration list for PBXProject "AppPayDemo" */ = {
			isa = XCConfigurationList;
			buildConfigurations = (
				444DB2AC1C8FD8B1002676DD /* Debug */,
				444DB2AD1C8FD8B1002676DD /* Release */,
			);
			defaultConfigurationIsVisible = 0;
			defaultConfigurationName = Release;
		};
		444DB2AE1C8FD8B1002676DD /* Build configuration list for PBXNativeTarget "AppPayDemo" */ = {
			isa = XCConfigurationList;
			buildConfigurations = (
				444DB2AF1C8FD8B1002676DD /* Debug */,
				444DB2B01C8FD8B1002676DD /* Release */,
			);
			defaultConfigurationIsVisible = 0;
		};
/* End XCConfigurationList section */
	};
	rootObject = 444DB28F1C8FD8B1002676DD /* Project object */;
}
